
Microsoft Visual Studio Solution File, Format Version 12.00
# Visual Studio 15
VisualStudioVersion = 15.0.28010.2036
MinimumVisualStudioVersion = 10.0.40219.1
Project("{9A19103F-16F7-4668-BE54-9A1E7A4F7556}") = "Auto-Torrent-Starter", "Auto-Torrent-Starter-Service\Auto-Torrent-Starter.csproj", "{2F412D4C-9E51-40CC-90D3-D12A23AA98A8}"
EndProject
Global
	GlobalSection(SolutionConfigurationPlatforms) = preSolution
		Debug|Any CPU = Debug|Any CPU
		Release|Any CPU = Release|Any CPU
	EndGlobalSection
	GlobalSection(ProjectConfigurationPlatforms) = postSolution
		{2F412D4C-9E51-40CC-90D3-D12A23AA98A8}.Debug|Any CPU.ActiveCfg = Debug|Any CPU
		{2F412D4C-9E51-40CC-90D3-D12A23AA98A8}.Debug|Any CPU.Build.0 = Debug|Any CPU
		{2F412D4C-9E51-40CC-90D3-D12A23AA98A8}.Release|Any CPU.ActiveCfg = Release|Any CPU
		{2F412D4C-9E51-40CC-90D3-D12A23AA98A8}.Release|Any CPU.Build.0 = Release|Any CPU
	EndGlobalSection
	GlobalSection(SolutionProperties) = preSolution
		HideSolutionNode = FALSE
	EndGlobalSection
	GlobalSection(ExtensibilityGlobals) = postSolution
		SolutionGuid = {44A2F309-4A06-4161-BCAB-EE42B586C1E6}
	EndGlobalSection
EndGlobal
